
Microsoft Visual Studio Solution File, Format Version 12.00
# Visual Studio Version 17
VisualStudioVersion = 17.9.34902.65
MinimumVisualStudioVersion = 10.0.40219.1
Project("{FAE04EC0-301F-11D3-BF4B-00C04F79EFBC}") = "ShoppingSite", "ShoppingSite\ShoppingSite.csproj", "{BEABF497-B132-4D9E-AF9A-621FF8921FBE}"
EndProject
Global
	GlobalSection(SolutionConfigurationPlatforms) = preSolution
		Debug|Any CPU = Debug|Any CPU
		Release|Any CPU = Release|Any CPU
	EndGlobalSection
	GlobalSection(ProjectConfigurationPlatforms) = postSolution
		{BEABF497-B132-4D9E-AF9A-621FF8921FBE}.Debug|Any CPU.ActiveCfg = Debug|Any CPU
		{BEABF497-B132-4D9E-AF9A-621FF8921FBE}.Debug|Any CPU.Build.0 = Debug|Any CPU
		{BEABF497-B132-4D9E-AF9A-621FF8921FBE}.Release|Any CPU.ActiveCfg = Release|Any CPU
		{BEABF497-B132-4D9E-AF9A-621FF8921FBE}.Release|Any CPU.Build.0 = Release|Any CPU
	EndGlobalSection
	GlobalSection(SolutionProperties) = preSolution
		HideSolutionNode = FALSE
	EndGlobalSection
	GlobalSection(ExtensibilityGlobals) = postSolution
		SolutionGuid = {49A1B92A-3D1C-4BA4-AD4D-76E7A65EA93E}
	EndGlobalSection
EndGlobal
